// !$*UTF8*$!
{
	archiveVersion = 1;
	classes = {
	};
	objectVersion = 50;
	objects = {

/* Begin PBXBuildFile section */
		1858B71022C1271C00052A75 /* AppDelegate.swift in Sources */ = {isa = PBXBuildFile; fileRef = 1858B70F22C1271C00052A75 /* AppDelegate.swift */; };
		1858B71222C1271C00052A75 /* ViewController.swift in Sources */ = {isa = PBXBuildFile; fileRef = 1858B71122C1271C00052A75 /* ViewController.swift */; };
		1858B71522C1271C00052A75 /* Main.storyboard in Resources */ = {isa = PBXBuildFile; fileRef = 1858B71322C1271C00052A75 /* Main.storyboard */; };
		1858B71822C1271C00052A75 /* boop.xcdatamodeld in Sources */ = {isa = PBXBuildFile; fileRef = 1858B71622C1271C00052A75 /* boop.xcdatamodeld */; };
		1858B71A22C1271F00052A75 /* Assets.xcassets in Resources */ = {isa = PBXBuildFile; fileRef = 1858B71922C1271F00052A75 /* Assets.xcassets */; };
		1858B71D22C1271F00052A75 /* LaunchScreen.storyboard in Resources */ = {isa = PBXBuildFile; fileRef = 1858B71B22C1271F00052A75 /* LaunchScreen.storyboard */; };
		1858B72622C12BDA00052A75 /* ToDoTableViewController.swift in Sources */ = {isa = PBXBuildFile; fileRef = 1858B72422C12BDA00052A75 /* ToDoTableViewController.swift */; };
		1858B72822C12C8C00052A75 /* ToDo.swift in Sources */ = {isa = PBXBuildFile; fileRef = 1858B72722C12C8C00052A75 /* ToDo.swift */; };
/* End PBXBuildFile section */

/* Begin PBXFileReference section */
		1858B70C22C1271C00052A75 /* boop.app */ = {isa = PBXFileReference; explicitFileType = wrapper.application; includeInIndex = 0; path = boop.app; sourceTree = BUILT_PRODUCTS_DIR; };
		1858B70F22C1271C00052A75 /* AppDelegate.swift */ = {isa = PBXFileReference; lastKnownFileType = sourcecode.swift; path = AppDelegate.swift; sourceTree = "<group>"; };
		1858B71122C1271C00052A75 /* ViewController.swift */ = {isa = PBXFileReference; lastKnownFileType = sourcecode.swift; path = ViewController.swift; sourceTree = "<group>"; };
		1858B71422C1271C00052A75 /* Base */ = {isa = PBXFileReference; lastKnownFileType = file.storyboard; name = Base; path = Base.lproj/Main.storyboard; sourceTree = "<group>"; };
		1858B71722C1271C00052A75 /* boop.xcdatamodel */ = {isa = PBXFileReference; lastKnownFileType = wrapper.xcdatamodel; path = boop.xcdatamodel; sourceTree = "<group>"; };
		1858B71922C1271F00052A75 /* Assets.xcassets */ = {isa = PBXFileReference; lastKnownFileType = folder.assetcatalog; path = Assets.xcassets; sourceTree = "<group>"; };
		1858B71C22C1271F00052A75 /* Base */ = {isa = PBXFileReference; lastKnownFileType = file.storyboard; name = Base; path = Base.lproj/LaunchScreen.storyboard; sourceTree = "<group>"; };
		1858B71E22C1271F00052A75 /* Info.plist */ = {isa = PBXFileReference; lastKnownFileType = text.plist.xml; path = Info.plist; sourceTree = "<group>"; };
		1858B72522C12BDA00052A75 /* Base */ = {isa = PBXFileReference; lastKnownFileType = sourcecode.swift; name = Base; path = Base.lproj/ToDoTableViewController.swift; sourceTree = "<group>"; };
		1858B72722C12C8C00052A75 /* ToDo.swift */ = {isa = PBXFileReference; lastKnownFileType = sourcecode.swift; path = ToDo.swift; sourceTree = "<group>"; };
/* End PBXFileReference section */

/* Begin PBXFrameworksBuildPhase section */
		1858B70922C1271C00052A75 /* Frameworks */ = {
			isa = PBXFrameworksBuildPhase;
			buildActionMask = 2147483647;
			files = (
			);
			runOnlyForDeploymentPostprocessing = 0;
		};
/* End PBXFrameworksBuildPhase section */

/* Begin PBXGroup section */
		1858B70322C1271C00052A75 = {
			isa = PBXGroup;
			children = (
				1858B70E22C1271C00052A75 /* boop */,
				1858B70D22C1271C00052A75 /* Products */,
			);
			sourceTree = "<group>";
		};
		1858B70D22C1271C00052A75 /* Products */ = {
			isa = PBXGroup;
			children = (
				1858B70C22C1271C00052A75 /* boop.app */,
			);
			name = Products;
			sourceTree = "<group>";
		};
		1858B70E22C1271C00052A75 /* boop */ = {
			isa = PBXGroup;
			children = (
				1858B70F22C1271C00052A75 /* AppDelegate.swift */,
				1858B71122C1271C00052A75 /* ViewController.swift */,
				1858B71322C1271C00052A75 /* Main.storyboard */,
				1858B72422C12BDA00052A75 /* ToDoTableViewController.swift */,
				1858B72722C12C8C00052A75 /* ToDo.swift */,
				1858B71922C1271F00052A75 /* Assets.xcassets */,
				1858B71B22C1271F00052A75 /* LaunchScreen.storyboard */,
				1858B71E22C1271F00052A75 /* Info.plist */,
				1858B71622C1271C00052A75 /* boop.xcdatamodeld */,
			);
			path = boop;
			sourceTree = "<group>";
		};
/* End PBXGroup section */

/* Begin PBXNativeTarget section */
		1858B70B22C1271C00052A75 /* boop */ = {
			isa = PBXNativeTarget;
			buildConfigurationList = 1858B72122C1271F00052A75 /* Build configuration list for PBXNativeTarget "boop" */;
			buildPhases = (
				1858B70822C1271C00052A75 /* Sources */,
				1858B70922C1271C00052A75 /* Frameworks */,
				1858B70A22C1271C00052A75 /* Resources */,
			);
			buildRules = (
			);
			dependencies = (
			);
			name = boop;
			productName = boop;
			productReference = 1858B70C22C1271C00052A75 /* boop.app */;
			productType = "com.apple.product-type.application";
		};
/* End PBXNativeTarget section */

/* Begin PBXProject section */
		1858B70422C1271C00052A75 /* Project object */ = {
			isa = PBXProject;
			attributes = {
				LastSwiftUpdateCheck = 1020;
				LastUpgradeCheck = 1020;
				ORGANIZATIONNAME = "Olivia Starkweather";
				TargetAttributes = {
					1858B70B22C1271C00052A75 = {
						CreatedOnToolsVersion = 10.2.1;
					};
				};
			};
			buildConfigurationList = 1858B70722C1271C00052A75 /* Build configuration list for PBXProject "boop" */;
			compatibilityVersion = "Xcode 9.3";
			developmentRegion = en;
			hasScannedForEncodings = 0;
			knownRegions = (
				en,
				Base,
			);
			mainGroup = 1858B70322C1271C00052A75;
			productRefGroup = 1858B70D22C1271C00052A75 /* Products */;
			projectDirPath = "";
			projectRoot = "";
			targets = (
				1858B70B22C1271C00052A75 /* boop */,
			);
		};
/* End PBXProject section */

/* Begin PBXResourcesBuildPhase section */
		1858B70A22C1271C00052A75 /* Resources */ = {
			isa = PBXResourcesBuildPhase;
			buildActionMask = 2147483647;
			files = (
				1858B71D22C1271F00052A75 /* LaunchScreen.storyboard in Resources */,
				1858B71A22C1271F00052A75 /* Assets.xcassets in Resources */,
				1858B71522C1271C00052A75 /* Main.storyboard in Resources */,
			);
			runOnlyForDeploymentPostprocessing = 0;
		};
/* End PBXResourcesBuildPhase section */

/* Begin PBXSourcesBuildPhase section */
		1858B70822C1271C00052A75 /* Sources */ = {
			isa = PBXSourcesBuildPhase;
			buildActionMask = 2147483647;
			files = (
				1858B71222C1271C00052A75 /* ViewController.swift in Sources */,
				1858B72822C12C8C00052A75 /* ToDo.swift in Sources */,
				1858B72622C12BDA00052A75 /* ToDoTableViewController.swift in Sources */,
				1858B71822C1271C00052A75 /* boop.xcdatamodeld in Sources */,
				1858B71022C1271C00052A75 /* AppDelegate.swift in Sources */,
			);
			runOnlyForDeploymentPostprocessing = 0;
		};
/* End PBXSourcesBuildPhase section */

/* Begin PBXVariantGroup section */
		1858B71322C1271C00052A75 /* Main.storyboard */ = {
			isa = PBXVariantGroup;
			children = (
				1858B71422C1271C00052A75 /* Base */,
			);
			name = Main.storyboard;
			sourceTree = "<group>";
		};
		1858B71B22C1271F00052A75 /* LaunchScreen.storyboard */ = {
			isa = PBXVariantGroup;
			children = (
				1858B71C22C1271F00052A75 /* Base */,
			);
			name = LaunchScreen.storyboard;
			sourceTree = "<group>";
		};
		1858B72422C12BDA00052A75 /* ToDoTableViewController.swift */ = {
			isa = PBXVariantGroup;
			children = (
				1858B72522C12BDA00052A75 /* Base */,
			);
			name = ToDoTableViewController.swift;
			sourceTree = "<group>";
		};
/* End PBXVariantGroup section */

/* Begin XCBuildConfiguration section */
		1858B71F22C1271F00052A75 /* Debug */ = {
			isa = XCBuildConfiguration;
			buildSettings = {
				ALWAYS_SEARCH_USER_PATHS = NO;
				CLANG_ANALYZER_NONNULL = YES;
				CLANG_ANALYZER_NUMBER_OBJECT_CONVERSION = YES_AGGRESSIVE;
				CLANG_CXX_LANGUAGE_STANDARD = "gnu++14";
				CLANG_CXX_LIBRARY = "libc++";
				CLANG_ENABLE_MODULES = YES;
				CLANG_ENABLE_OBJC_ARC = YES;
				CLANG_ENABLE_OBJC_WEAK = YES;
				CLANG_WARN_BLOCK_CAPTURE_AUTORELEASING = YES;
				CLANG_WARN_BOOL_CONVERSION = YES;
				CLANG_WARN_COMMA = YES;
				CLANG_WARN_CONSTANT_CONVERSION = YES;
				CLANG_WARN_DEPRECATED_OBJC_IMPLEMENTATIONS = YES;
				CLANG_WARN_DIRECT_OBJC_ISA_USAGE = YES_ERROR;
				CLANG_WARN_DOCUMENTATION_COMMENTS = YES;
				CLANG_WARN_EMPTY_BODY = YES;
				CLANG_WARN_ENUM_CONVERSION = YES;
				CLANG_WARN_INFINITE_RECURSION = YES;
				CLANG_WARN_INT_CONVERSION = YES;
				CLANG_WARN_NON_LITERAL_NULL_CONVERSION = YES;
				CLANG_WARN_OBJC_IMPLICIT_RETAIN_SELF = YES;
				CLANG_WARN_OBJC_LITERAL_CONVERSION = YES;
				CLANG_WARN_OBJC_ROOT_CLASS = YES_ERROR;
				CLANG_WARN_RANGE_LOOP_ANALYSIS = YES;
				CLANG_WARN_STRICT_PROTOTYPES = YES;
				CLANG_WARN_SUSPICIOUS_MOVE = YES;
				CLANG_WARN_UNGUARDED_AVAILABILITY = YES_AGGRESSIVE;
				CLANG_WARN_UNREACHABLE_CODE = YES;
				CLANG_WARN__DUPLICATE_METHOD_MATCH = YES;
				CODE_SIGN_IDENTITY = "iPhone Developer";
				COPY_PHASE_STRIP = NO;
				DEBUG_INFORMATION_FORMAT = dwarf;
				ENABLE_STRICT_OBJC_MSGSEND = YES;
				ENABLE_TESTABILITY = YES;
				GCC_C_LANGUAGE_STANDARD = gnu11;
				GCC_DYNAMIC_NO_PIC = NO;
				GCC_NO_COMMON_BLOCKS = YES;
				GCC_OPTIMIZATION_LEVEL = 0;
				GCC_PREPROCESSOR_DEFINITIONS = (
					"DEBUG=1",
					"$(inherited)",
				);
				GCC_WARN_64_TO_32_BIT_CONVERSION = YES;
				GCC_WARN_ABOUT_RETURN_TYPE = YES_ERROR;
				GCC_WARN_UNDECLARED_SELECTOR = YES;
				GCC_WARN_UNINITIALIZED_AUTOS = YES_AGGRESSIVE;
				GCC_WARN_UNUSED_FUNCTION = YES;
				GCC_WARN_UNUSED_VARIABLE = YES;
				IPHONEOS_DEPLOYMENT_TARGET = 12.2;
				MTL_ENABLE_DEBUG_INFO = INCLUDE_SOURCE;
				MTL_FAST_MATH = YES;
				ONLY_ACTIVE_ARCH = YES;
				SDKROOT = iphoneos;
				SWIFT_ACTIVE_COMPILATION_CONDITIONS = DEBUG;
				SWIFT_OPTIMIZATION_LEVEL = "-Onone";
			};
			name = Debug;
		};
		1858B72022C1271F00052A75 /* Release */ = {
			isa = XCBuildConfiguration;
			buildSettings = {
				ALWAYS_SEARCH_USER_PATHS = NO;
				CLANG_ANALYZER_NONNULL = YES;
				CLANG_ANALYZER_NUMBER_OBJECT_CONVERSION = YES_AGGRESSIVE;
				CLANG_CXX_LANGUAGE_STANDARD = "gnu++14";
				CLANG_CXX_LIBRARY = "libc++";
				CLANG_ENABLE_MODULES = YES;
				CLANG_ENABLE_OBJC_ARC = YES;
				CLANG_ENABLE_OBJC_WEAK = YES;
				CLANG_WARN_BLOCK_CAPTURE_AUTORELEASING = YES;
				CLANG_WARN_BOOL_CONVERSION = YES;
				CLANG_WARN_COMMA = YES;
				CLANG_WARN_CONSTANT_CONVERSION = YES;
				CLANG_WARN_DEPRECATED_OBJC_IMPLEMENTATIONS = YES;
				CLANG_WARN_DIRECT_OBJC_ISA_USAGE = YES_ERROR;
				CLANG_WARN_DOCUMENTATION_COMMENTS = YES;
				CLANG_WARN_EMPTY_BODY = YES;
				CLANG_WARN_ENUM_CONVERSION = YES;
				CLANG_WARN_INFINITE_RECURSION = YES;
				CLANG_WARN_INT_CONVERSION = YES;
				CLANG_WARN_NON_LITERAL_NULL_CONVERSION = YES;
				CLANG_WARN_OBJC_IMPLICIT_RETAIN_SELF = YES;
				CLANG_WARN_OBJC_LITERAL_CONVERSION = YES;
				CLANG_WARN_OBJC_ROOT_CLASS = YES_ERROR;
				CLANG_WARN_RANGE_LOOP_ANALYSIS = YES;
				CLANG_WARN_STRICT_PROTOTYPES = YES;
				CLANG_WARN_SUSPICIOUS_MOVE = YES;
				CLANG_WARN_UNGUARDED_AVAILABILITY = YES_AGGRESSIVE;
				CLANG_WARN_UNREACHABLE_CODE = YES;
				CLANG_WARN__DUPLICATE_METHOD_MATCH = YES;
				CODE_SIGN_IDENTITY = "iPhone Developer";
				COPY_PHASE_STRIP = NO;
				DEBUG_INFORMATION_FORMAT = "dwarf-with-dsym";
				ENABLE_NS_ASSERTIONS = NO;
				ENABLE_STRICT_OBJC_MSGSEND = YES;
				GCC_C_LANGUAGE_STANDARD = gnu11;
				GCC_NO_COMMON_BLOCKS = YES;
				GCC_WARN_64_TO_32_BIT_CONVERSION = YES;
				GCC_WARN_ABOUT_RETURN_TYPE = YES_ERROR;
				GCC_WARN_UNDECLARED_SELECTOR = YES;
				GCC_WARN_UNINITIALIZED_AUTOS = YES_AGGRESSIVE;
				GCC_WARN_UNUSED_FUNCTION = YES;
				GCC_WARN_UNUSED_VARIABLE = YES;
				IPHONEOS_DEPLOYMENT_TARGET = 12.2;
				MTL_ENABLE_DEBUG_INFO = NO;
				MTL_FAST_MATH = YES;
				SDKROOT = iphoneos;
				SWIFT_COMPILATION_MODE = wholemodule;
				SWIFT_OPTIMIZATION_LEVEL = "-O";
				VALIDATE_PRODUCT = YES;
			};
			name = Release;
		};
		1858B72222C1271F00052A75 /* Debug */ = {
			isa = XCBuildConfiguration;
			buildSettings = {
				ASSETCATALOG_COMPILER_APPICON_NAME = AppIcon;
				CODE_SIGN_STYLE = Automatic;
				INFOPLIST_FILE = boop/Info.plist;
				LD_RUNPATH_SEARCH_PATHS = (
					"$(inherited)",
					"@executable_path/Frameworks",
				);
				PRODUCT_BUNDLE_IDENTIFIER = KWK.boop;
				PRODUCT_NAME = "$(TARGET_NAME)";
				SWIFT_VERSION = 5.0;
				TARGETED_DEVICE_FAMILY = "1,2";
			};
			name = Debug;
		};
		1858B72322C1271F00052A75 /* Release */ = {
			isa = XCBuildConfiguration;
			buildSettings = {
				ASSETCATALOG_COMPILER_APPICON_NAME = AppIcon;
				CODE_SIGN_STYLE = Automatic;
				INFOPLIST_FILE = boop/Info.plist;
				LD_RUNPATH_SEARCH_PATHS = (
					"$(inherited)",
					"@executable_path/Frameworks",
				);
				PRODUCT_BUNDLE_IDENTIFIER = KWK.boop;
				PRODUCT_NAME = "$(TARGET_NAME)";
				SWIFT_VERSION = 5.0;
				TARGETED_DEVICE_FAMILY = "1,2";
			};
			name = Release;
		};
/* End XCBuildConfiguration section */

/* Begin XCConfigurationList section */
		1858B70722C1271C00052A75 /* Build configuration list for PBXProject "boop" */ = {
			isa = XCConfigurationList;
			buildConfigurations = (
				1858B71F22C1271F00052A75 /* Debug */,
				1858B72022C1271F00052A75 /* Release */,
			);
			defaultConfigurationIsVisible = 0;
			defaultConfigurationName = Release;
		};
		1858B72122C1271F00052A75 /* Build configuration list for PBXNativeTarget "boop" */ = {
			isa = XCConfigurationList;
			buildConfigurations = (
				1858B72222C1271F00052A75 /* Debug */,
				1858B72322C1271F00052A75 /* Release */,
			);
			defaultConfigurationIsVisible = 0;
			defaultConfigurationName = Release;
		};
/* End XCConfigurationList section */

/* Begin XCVersionGroup section */
		1858B71622C1271C00052A75 /* boop.xcdatamodeld */ = {
			isa = XCVersionGroup;
			children = (
				1858B71722C1271C00052A75 /* boop.xcdatamodel */,
			);
			currentVersion = 1858B71722C1271C00052A75 /* boop.xcdatamodel */;
			path = boop.xcdatamodeld;
			sourceTree = "<group>";
			versionGroupType = wrapper.xcdatamodel;
		};
/* End XCVersionGroup section */
	};
	rootObject = 1858B70422C1271C00052A75 /* Project object */;
}
